// !$*UTF8*$!
{
	archiveVersion = 1;
	classes = {
	};
	objectVersion = 48;
	objects = {

/* Begin PBXBuildFile section */
		460D8439D01FFB1D9ABD68DF /* Pods_ConciergeAppUITests.framework in Frameworks */ = {isa = PBXBuildFile; fileRef = AE747EB8F22253D50736B0B1 /* Pods_ConciergeAppUITests.framework */; };
		97EDDC400CF9AEA3BB7DFAB2 /* Pods_ConciergeAppTests.framework in Frameworks */ = {isa = PBXBuildFile; fileRef = 39259406354190CAD8C563CD /* Pods_ConciergeAppTests.framework */; };
		B20789841FB0DB7B009FE5C3 /* CoreLocation.framework in Frameworks */ = {isa = PBXBuildFile; fileRef = B20789831FB0DB7B009FE5C3 /* CoreLocation.framework */; };
		B22B0DB31FCE586800B1D755 /* PreferencesTableViewController.swift in Sources */ = {isa = PBXBuildFile; fileRef = B22B0DB21FCE586700B1D755 /* PreferencesTableViewController.swift */; };
		B26AA0D51FA22F1B00176D9C /* AppDelegate.swift in Sources */ = {isa = PBXBuildFile; fileRef = B26AA0D41FA22F1B00176D9C /* AppDelegate.swift */; };
		B26AA0D71FA22F1B00176D9C /* ViewController.swift in Sources */ = {isa = PBXBuildFile; fileRef = B26AA0D61FA22F1B00176D9C /* ViewController.swift */; };
		B26AA0DA1FA22F1B00176D9C /* Main.storyboard in Resources */ = {isa = PBXBuildFile; fileRef = B26AA0D81FA22F1B00176D9C /* Main.storyboard */; };
		B26AA0DC1FA22F1B00176D9C /* Assets.xcassets in Resources */ = {isa = PBXBuildFile; fileRef = B26AA0DB1FA22F1B00176D9C /* Assets.xcassets */; };
		B26AA0DF1FA22F1B00176D9C /* LaunchScreen.storyboard in Resources */ = {isa = PBXBuildFile; fileRef = B26AA0DD1FA22F1B00176D9C /* LaunchScreen.storyboard */; };
		B26AA0EA1FA22F1B00176D9C /* ConciergeAppTests.swift in Sources */ = {isa = PBXBuildFile; fileRef = B26AA0E91FA22F1B00176D9C /* ConciergeAppTests.swift */; };
		B26AA0F51FA22F1B00176D9C /* ConciergeAppUITests.swift in Sources */ = {isa = PBXBuildFile; fileRef = B26AA0F41FA22F1B00176D9C /* ConciergeAppUITests.swift */; };
		B26AA1031FA231E700176D9C /* GoogleService-Info.plist in Resources */ = {isa = PBXBuildFile; fileRef = B26AA1021FA231E700176D9C /* GoogleService-Info.plist */; };
		B2A214F11FCB363A0080321D /* OptionsViewController.swift in Sources */ = {isa = PBXBuildFile; fileRef = B2A214F01FCB363A0080321D /* OptionsViewController.swift */; };
		B2A214F31FCB42670080321D /* RegisterViewController.swift in Sources */ = {isa = PBXBuildFile; fileRef = B2A214F21FCB42670080321D /* RegisterViewController.swift */; };
		B2F326C01FCDC3020036A8D7 /* Fusion.swift in Sources */ = {isa = PBXBuildFile; fileRef = B2F326BF1FCDC3020036A8D7 /* Fusion.swift */; };
		EF5A8B701FA274130038F8A4 /* ViewController2.swift in Sources */ = {isa = PBXBuildFile; fileRef = EF5A8B6F1FA274130038F8A4 /* ViewController2.swift */; };
		EF80ECE41FCF35A4005C4DB1 /* Hash.swift in Sources */ = {isa = PBXBuildFile; fileRef = EF80ECE31FCF35A4005C4DB1 /* Hash.swift */; };
		F97C062E0756F14576DEA7D4 /* Pods_ConciergeApp.framework in Frameworks */ = {isa = PBXBuildFile; fileRef = 8A32F09209DF020B65BE3EF7 /* Pods_ConciergeApp.framework */; };
/* End PBXBuildFile section */

/* Begin PBXContainerItemProxy section */
		B26AA0E61FA22F1B00176D9C /* PBXContainerItemProxy */ = {
			isa = PBXContainerItemProxy;
			containerPortal = B26AA0C91FA22F1B00176D9C /* Project object */;
			proxyType = 1;
			remoteGlobalIDString = B26AA0D01FA22F1B00176D9C;
			remoteInfo = ConciergeApp;
		};
		B26AA0F11FA22F1B00176D9C /* PBXContainerItemProxy */ = {
			isa = PBXContainerItemProxy;
			containerPortal = B26AA0C91FA22F1B00176D9C /* Project object */;
			proxyType = 1;
			remoteGlobalIDString = B26AA0D01FA22F1B00176D9C;
			remoteInfo = ConciergeApp;
		};
/* End PBXContainerItemProxy section */

/* Begin PBXFileReference section */
		0204F7112E1A50E22FD0D45E /* Pods-ConciergeAppUITests.debug.xcconfig */ = {isa = PBXFileReference; includeInIndex = 1; lastKnownFileType = text.xcconfig; name = "Pods-ConciergeAppUITests.debug.xcconfig"; path = "Pods/Target Support Files/Pods-ConciergeAppUITests/Pods-ConciergeAppUITests.debug.xcconfig"; sourceTree = "<group>"; };
		094BC046CD5DC713A2FBAD32 /* Pods-ConciergeApp.debug.xcconfig */ = {isa = PBXFileReference; includeInIndex = 1; lastKnownFileType = text.xcconfig; name = "Pods-ConciergeApp.debug.xcconfig"; path = "Pods/Target Support Files/Pods-ConciergeApp/Pods-ConciergeApp.debug.xcconfig"; sourceTree = "<group>"; };
		0CC9C0A6DAB6B2E10C766B8E /* Pods-ConciergeAppTests.debug.xcconfig */ = {isa = PBXFileReference; includeInIndex = 1; lastKnownFileType = text.xcconfig; name = "Pods-ConciergeAppTests.debug.xcconfig"; path = "Pods/Target Support Files/Pods-ConciergeAppTests/Pods-ConciergeAppTests.debug.xcconfig"; sourceTree = "<group>"; };
		39259406354190CAD8C563CD /* Pods_ConciergeAppTests.framework */ = {isa = PBXFileReference; explicitFileType = wrapper.framework; includeInIndex = 0; path = Pods_ConciergeAppTests.framework; sourceTree = BUILT_PRODUCTS_DIR; };
		70F7AAA462DD695C384B6ED4 /* Pods-ConciergeAppTests.release.xcconfig */ = {isa = PBXFileReference; includeInIndex = 1; lastKnownFileType = text.xcconfig; name = "Pods-ConciergeAppTests.release.xcconfig"; path = "Pods/Target Support Files/Pods-ConciergeAppTests/Pods-ConciergeAppTests.release.xcconfig"; sourceTree = "<group>"; };
		716718A23A4215C1D4FEDD5F /* Pods-ConciergeApp.release.xcconfig */ = {isa = PBXFileReference; includeInIndex = 1; lastKnownFileType = text.xcconfig; name = "Pods-ConciergeApp.release.xcconfig"; path = "Pods/Target Support Files/Pods-ConciergeApp/Pods-ConciergeApp.release.xcconfig"; sourceTree = "<group>"; };
		8A32F09209DF020B65BE3EF7 /* Pods_ConciergeApp.framework */ = {isa = PBXFileReference; explicitFileType = wrapper.framework; includeInIndex = 0; path = Pods_ConciergeApp.framework; sourceTree = BUILT_PRODUCTS_DIR; };
		AE747EB8F22253D50736B0B1 /* Pods_ConciergeAppUITests.framework */ = {isa = PBXFileReference; explicitFileType = wrapper.framework; includeInIndex = 0; path = Pods_ConciergeAppUITests.framework; sourceTree = BUILT_PRODUCTS_DIR; };
		B20789831FB0DB7B009FE5C3 /* CoreLocation.framework */ = {isa = PBXFileReference; lastKnownFileType = wrapper.framework; name = CoreLocation.framework; path = System/Library/Frameworks/CoreLocation.framework; sourceTree = SDKROOT; };
		B22B0DB21FCE586700B1D755 /* PreferencesTableViewController.swift */ = {isa = PBXFileReference; lastKnownFileType = sourcecode.swift; path = PreferencesTableViewController.swift; sourceTree = "<group>"; };
		B23F2BE71FB9D5FB007D8C03 /* BridgingHeader.h */ = {isa = PBXFileReference; lastKnownFileType = sourcecode.c.h; path = BridgingHeader.h; sourceTree = "<group>"; };
		B26AA0D11FA22F1B00176D9C /* ConciergeApp.app */ = {isa = PBXFileReference; explicitFileType = wrapper.application; includeInIndex = 0; path = ConciergeApp.app; sourceTree = BUILT_PRODUCTS_DIR; };
		B26AA0D41FA22F1B00176D9C /* AppDelegate.swift */ = {isa = PBXFileReference; lastKnownFileType = sourcecode.swift; path = AppDelegate.swift; sourceTree = "<group>"; };
		B26AA0D61FA22F1B00176D9C /* ViewController.swift */ = {isa = PBXFileReference; lastKnownFileType = sourcecode.swift; path = ViewController.swift; sourceTree = "<group>"; };
		B26AA0D91FA22F1B00176D9C /* Base */ = {isa = PBXFileReference; lastKnownFileType = file.storyboard; name = Base; path = Base.lproj/Main.storyboard; sourceTree = "<group>"; };
		B26AA0DB1FA22F1B00176D9C /* Assets.xcassets */ = {isa = PBXFileReference; lastKnownFileType = folder.assetcatalog; path = Assets.xcassets; sourceTree = "<group>"; };
		B26AA0DE1FA22F1B00176D9C /* Base */ = {isa = PBXFileReference; lastKnownFileType = file.storyboard; name = Base; path = Base.lproj/LaunchScreen.storyboard; sourceTree = "<group>"; };
		B26AA0E01FA22F1B00176D9C /* Info.plist */ = {isa = PBXFileReference; lastKnownFileType = text.plist.xml; path = Info.plist; sourceTree = "<group>"; };
		B26AA0E51FA22F1B00176D9C /* ConciergeAppTests.xctest */ = {isa = PBXFileReference; explicitFileType = wrapper.cfbundle; includeInIndex = 0; path = ConciergeAppTests.xctest; sourceTree = BUILT_PRODUCTS_DIR; };
		B26AA0E91FA22F1B00176D9C /* ConciergeAppTests.swift */ = {isa = PBXFileReference; lastKnownFileType = sourcecode.swift; path = ConciergeAppTests.swift; sourceTree = "<group>"; };
		B26AA0EB1FA22F1B00176D9C /* Info.plist */ = {isa = PBXFileReference; lastKnownFileType = text.plist.xml; path = Info.plist; sourceTree = "<group>"; };
		B26AA0F01FA22F1B00176D9C /* ConciergeAppUITests.xctest */ = {isa = PBXFileReference; explicitFileType = wrapper.cfbundle; includeInIndex = 0; path = ConciergeAppUITests.xctest; sourceTree = BUILT_PRODUCTS_DIR; };
		B26AA0F41FA22F1B00176D9C /* ConciergeAppUITests.swift */ = {isa = PBXFileReference; lastKnownFileType = sourcecode.swift; path = ConciergeAppUITests.swift; sourceTree = "<group>"; };
		B26AA0F61FA22F1C00176D9C /* Info.plist */ = {isa = PBXFileReference; lastKnownFileType = text.plist.xml; path = Info.plist; sourceTree = "<group>"; };
		B26AA1021FA231E700176D9C /* GoogleService-Info.plist */ = {isa = PBXFileReference; fileEncoding = 4; lastKnownFileType = text.plist.xml; path = "GoogleService-Info.plist"; sourceTree = "<group>"; };
		B2A214F01FCB363A0080321D /* OptionsViewController.swift */ = {isa = PBXFileReference; lastKnownFileType = sourcecode.swift; path = OptionsViewController.swift; sourceTree = "<group>"; };
		B2A214F21FCB42670080321D /* RegisterViewController.swift */ = {isa = PBXFileReference; lastKnownFileType = sourcecode.swift; path = RegisterViewController.swift; sourceTree = "<group>"; };
		B2F326BF1FCDC3020036A8D7 /* Fusion.swift */ = {isa = PBXFileReference; lastKnownFileType = sourcecode.swift; path = Fusion.swift; sourceTree = "<group>"; };
		C868DBCB3E3E105A4CEE4FE4 /* Pods-ConciergeAppUITests.release.xcconfig */ = {isa = PBXFileReference; includeInIndex = 1; lastKnownFileType = text.xcconfig; name = "Pods-ConciergeAppUITests.release.xcconfig"; path = "Pods/Target Support Files/Pods-ConciergeAppUITests/Pods-ConciergeAppUITests.release.xcconfig"; sourceTree = "<group>"; };
		EF5A8B6F1FA274130038F8A4 /* ViewController2.swift */ = {isa = PBXFileReference; lastKnownFileType = sourcecode.swift; path = ViewController2.swift; sourceTree = "<group>"; };
		EF80ECE31FCF35A4005C4DB1 /* Hash.swift */ = {isa = PBXFileReference; lastKnownFileType = sourcecode.swift; path = Hash.swift; sourceTree = "<group>"; };
/* End PBXFileReference section */

/* Begin PBXFrameworksBuildPhase section */
		B26AA0CE1FA22F1B00176D9C /* Frameworks */ = {
			isa = PBXFrameworksBuildPhase;
			buildActionMask = 2147483647;
			files = (
				B20789841FB0DB7B009FE5C3 /* CoreLocation.framework in Frameworks */,
				F97C062E0756F14576DEA7D4 /* Pods_ConciergeApp.framework in Frameworks */,
			);
			runOnlyForDeploymentPostprocessing = 0;
		};
		B26AA0E21FA22F1B00176D9C /* Frameworks */ = {
			isa = PBXFrameworksBuildPhase;
			buildActionMask = 2147483647;
			files = (
				97EDDC400CF9AEA3BB7DFAB2 /* Pods_ConciergeAppTests.framework in Frameworks */,
			);
			runOnlyForDeploymentPostprocessing = 0;
		};
		B26AA0ED1FA22F1B00176D9C /* Frameworks */ = {
			isa = PBXFrameworksBuildPhase;
			buildActionMask = 2147483647;
			files = (
				460D8439D01FFB1D9ABD68DF /* Pods_ConciergeAppUITests.framework in Frameworks */,
			);
			runOnlyForDeploymentPostprocessing = 0;
		};
/* End PBXFrameworksBuildPhase section */

/* Begin PBXGroup section */
		07D7B24065C06B0FE0A5213C /* Frameworks */ = {
			isa = PBXGroup;
			children = (
				B20789831FB0DB7B009FE5C3 /* CoreLocation.framework */,
				8A32F09209DF020B65BE3EF7 /* Pods_ConciergeApp.framework */,
				39259406354190CAD8C563CD /* Pods_ConciergeAppTests.framework */,
				AE747EB8F22253D50736B0B1 /* Pods_ConciergeAppUITests.framework */,
			);
			name = Frameworks;
			sourceTree = "<group>";
		};
		8E085E868B93EBC84B79F7E9 /* Pods */ = {
			isa = PBXGroup;
			children = (
				094BC046CD5DC713A2FBAD32 /* Pods-ConciergeApp.debug.xcconfig */,
				716718A23A4215C1D4FEDD5F /* Pods-ConciergeApp.release.xcconfig */,
				0CC9C0A6DAB6B2E10C766B8E /* Pods-ConciergeAppTests.debug.xcconfig */,
				70F7AAA462DD695C384B6ED4 /* Pods-ConciergeAppTests.release.xcconfig */,
				0204F7112E1A50E22FD0D45E /* Pods-ConciergeAppUITests.debug.xcconfig */,
				C868DBCB3E3E105A4CEE4FE4 /* Pods-ConciergeAppUITests.release.xcconfig */,
			);
			name = Pods;
			sourceTree = "<group>";
		};
		B26AA0C81FA22F1B00176D9C = {
			isa = PBXGroup;
			children = (
				B26AA0D31FA22F1B00176D9C /* ConciergeApp */,
				B26AA0E81FA22F1B00176D9C /* ConciergeAppTests */,
				B26AA0F31FA22F1B00176D9C /* ConciergeAppUITests */,
				B26AA0D21FA22F1B00176D9C /* Products */,
				8E085E868B93EBC84B79F7E9 /* Pods */,
				07D7B24065C06B0FE0A5213C /* Frameworks */,
			);
			sourceTree = "<group>";
		};
		B26AA0D21FA22F1B00176D9C /* Products */ = {
			isa = PBXGroup;
			children = (
				B26AA0D11FA22F1B00176D9C /* ConciergeApp.app */,
				B26AA0E51FA22F1B00176D9C /* ConciergeAppTests.xctest */,
				B26AA0F01FA22F1B00176D9C /* ConciergeAppUITests.xctest */,
			);
			name = Products;
			sourceTree = "<group>";
		};
		B26AA0D31FA22F1B00176D9C /* ConciergeApp */ = {
			isa = PBXGroup;
			children = (
				B26AA0D41FA22F1B00176D9C /* AppDelegate.swift */,
				B26AA0D61FA22F1B00176D9C /* ViewController.swift */,
				B23F2BE71FB9D5FB007D8C03 /* BridgingHeader.h */,
				EF5A8B6F1FA274130038F8A4 /* ViewController2.swift */,
				B2F326BF1FCDC3020036A8D7 /* Fusion.swift */,
				B26AA0D81FA22F1B00176D9C /* Main.storyboard */,
				B22B0DB21FCE586700B1D755 /* PreferencesTableViewController.swift */,
				B2A214F21FCB42670080321D /* RegisterViewController.swift */,
				B2A214F01FCB363A0080321D /* OptionsViewController.swift */,
				B26AA0DB1FA22F1B00176D9C /* Assets.xcassets */,
				B26AA0DD1FA22F1B00176D9C /* LaunchScreen.storyboard */,
				B26AA1021FA231E700176D9C /* GoogleService-Info.plist */,
				B26AA0E01FA22F1B00176D9C /* Info.plist */,
				EF80ECE31FCF35A4005C4DB1 /* Hash.swift */,
			);
			path = ConciergeApp;
			sourceTree = "<group>";
		};
		B26AA0E81FA22F1B00176D9C /* ConciergeAppTests */ = {
			isa = PBXGroup;
			children = (
				B26AA0E91FA22F1B00176D9C /* ConciergeAppTests.swift */,
				B26AA0EB1FA22F1B00176D9C /* Info.plist */,
			);
			path = ConciergeAppTests;
			sourceTree = "<group>";
		};
		B26AA0F31FA22F1B00176D9C /* ConciergeAppUITests */ = {
			isa = PBXGroup;
			children = (
				B26AA0F41FA22F1B00176D9C /* ConciergeAppUITests.swift */,
				B26AA0F61FA22F1C00176D9C /* Info.plist */,
			);
			path = ConciergeAppUITests;
			sourceTree = "<group>";
		};
/* End PBXGroup section */

/* Begin PBXNativeTarget section */
		B26AA0D01FA22F1B00176D9C /* ConciergeApp */ = {
			isa = PBXNativeTarget;
			buildConfigurationList = B26AA0F91FA22F1C00176D9C /* Build configuration list for PBXNativeTarget "ConciergeApp" */;
			buildPhases = (
				011BF5E2FB5D3CE0C56D512E /* [CP] Check Pods Manifest.lock */,
				B26AA0CD1FA22F1B00176D9C /* Sources */,
				B26AA0CE1FA22F1B00176D9C /* Frameworks */,
				B26AA0CF1FA22F1B00176D9C /* Resources */,
				0C9BD28DF3888EDE527AA16A /* [CP] Embed Pods Frameworks */,
				F34DF6C7F20436F6292E149C /* [CP] Copy Pods Resources */,
			);
			buildRules = (
			);
			dependencies = (
			);
			name = ConciergeApp;
			productName = ConciergeApp;
			productReference = B26AA0D11FA22F1B00176D9C /* ConciergeApp.app */;
			productType = "com.apple.product-type.application";
		};
		B26AA0E41FA22F1B00176D9C /* ConciergeAppTests */ = {
			isa = PBXNativeTarget;
			buildConfigurationList = B26AA0FC1FA22F1C00176D9C /* Build configuration list for PBXNativeTarget "ConciergeAppTests" */;
			buildPhases = (
				B5B859B1C19B91E9B087A88C /* [CP] Check Pods Manifest.lock */,
				B26AA0E11FA22F1B00176D9C /* Sources */,
				B26AA0E21FA22F1B00176D9C /* Frameworks */,
				B26AA0E31FA22F1B00176D9C /* Resources */,
				98A4AEE426814CFE7635A629 /* [CP] Embed Pods Frameworks */,
				6CE9C9B907C06E813BF4FF09 /* [CP] Copy Pods Resources */,
			);
			buildRules = (
			);
			dependencies = (
				B26AA0E71FA22F1B00176D9C /* PBXTargetDependency */,
			);
			name = ConciergeAppTests;
			productName = ConciergeAppTests;
			productReference = B26AA0E51FA22F1B00176D9C /* ConciergeAppTests.xctest */;
			productType = "com.apple.product-type.bundle.unit-test";
		};
		B26AA0EF1FA22F1B00176D9C /* ConciergeAppUITests */ = {
			isa = PBXNativeTarget;
			buildConfigurationList = B26AA0FF1FA22F1C00176D9C /* Build configuration list for PBXNativeTarget "ConciergeAppUITests" */;
			buildPhases = (
				9583E4E73A4E494C54CACB02 /* [CP] Check Pods Manifest.lock */,
				B26AA0EC1FA22F1B00176D9C /* Sources */,
				B26AA0ED1FA22F1B00176D9C /* Frameworks */,
				B26AA0EE1FA22F1B00176D9C /* Resources */,
				696051D84D7BC3E0751DD84E /* [CP] Embed Pods Frameworks */,
				B9D2B47523B13C349A9BE7E9 /* [CP] Copy Pods Resources */,
			);
			buildRules = (
			);
			dependencies = (
				B26AA0F21FA22F1B00176D9C /* PBXTargetDependency */,
			);
			name = ConciergeAppUITests;
			productName = ConciergeAppUITests;
			productReference = B26AA0F01FA22F1B00176D9C /* ConciergeAppUITests.xctest */;
			productType = "com.apple.product-type.bundle.ui-testing";
		};
/* End PBXNativeTarget section */

/* Begin PBXProject section */
		B26AA0C91FA22F1B00176D9C /* Project object */ = {
			isa = PBXProject;
			attributes = {
				LastSwiftUpdateCheck = 0900;
				LastUpgradeCheck = 0900;
				ORGANIZATIONNAME = "James Schulman";
				TargetAttributes = {
					B26AA0D01FA22F1B00176D9C = {
						CreatedOnToolsVersion = 9.0.1;
						LastSwiftMigration = 0900;
						ProvisioningStyle = Automatic;
						SystemCapabilities = {
							com.apple.BackgroundModes = {
								enabled = 1;
							};
						};
					};
					B26AA0E41FA22F1B00176D9C = {
						CreatedOnToolsVersion = 9.0.1;
						ProvisioningStyle = Automatic;
						TestTargetID = B26AA0D01FA22F1B00176D9C;
					};
					B26AA0EF1FA22F1B00176D9C = {
						CreatedOnToolsVersion = 9.0.1;
						ProvisioningStyle = Automatic;
						TestTargetID = B26AA0D01FA22F1B00176D9C;
					};
				};
			};
			buildConfigurationList = B26AA0CC1FA22F1B00176D9C /* Build configuration list for PBXProject "ConciergeApp" */;
			compatibilityVersion = "Xcode 8.0";
			developmentRegion = en;
			hasScannedForEncodings = 0;
			knownRegions = (
				en,
				Base,
			);
			mainGroup = B26AA0C81FA22F1B00176D9C;
			productRefGroup = B26AA0D21FA22F1B00176D9C /* Products */;
			projectDirPath = "";
			projectRoot = "";
			targets = (
				B26AA0D01FA22F1B00176D9C /* ConciergeApp */,
				B26AA0E41FA22F1B00176D9C /* ConciergeAppTests */,
				B26AA0EF1FA22F1B00176D9C /* ConciergeAppUITests */,
			);
		};
/* End PBXProject section */

/* Begin PBXResourcesBuildPhase section */
		B26AA0CF1FA22F1B00176D9C /* Resources */ = {
			isa = PBXResourcesBuildPhase;
			buildActionMask = 2147483647;
			files = (
				B26AA0DF1FA22F1B00176D9C /* LaunchScreen.storyboard in Resources */,
				B26AA1031FA231E700176D9C /* GoogleService-Info.plist in Resources */,
				B26AA0DC1FA22F1B00176D9C /* Assets.xcassets in Resources */,
				B26AA0DA1FA22F1B00176D9C /* Main.storyboard in Resources */,
			);
			runOnlyForDeploymentPostprocessing = 0;
		};
		B26AA0E31FA22F1B00176D9C /* Resources */ = {
			isa = PBXResourcesBuildPhase;
			buildActionMask = 2147483647;
			files = (
			);
			runOnlyForDeploymentPostprocessing = 0;
		};
		B26AA0EE1FA22F1B00176D9C /* Resources */ = {
			isa = PBXResourcesBuildPhase;
			buildActionMask = 2147483647;
			files = (
			);
			runOnlyForDeploymentPostprocessing = 0;
		};
/* End PBXResourcesBuildPhase section */

/* Begin PBXShellScriptBuildPhase section */
		011BF5E2FB5D3CE0C56D512E /* [CP] Check Pods Manifest.lock */ = {
			isa = PBXShellScriptBuildPhase;
			buildActionMask = 2147483647;
			files = (
			);
			inputPaths = (
				"${PODS_PODFILE_DIR_PATH}/Podfile.lock",
				"${PODS_ROOT}/Manifest.lock",
			);
			name = "[CP] Check Pods Manifest.lock";
			outputPaths = (
				"$(DERIVED_FILE_DIR)/Pods-ConciergeApp-checkManifestLockResult.txt",
			);
			runOnlyForDeploymentPostprocessing = 0;
			shellPath = /bin/sh;
			shellScript = "diff \"${PODS_PODFILE_DIR_PATH}/Podfile.lock\" \"${PODS_ROOT}/Manifest.lock\" > /dev/null\nif [ $? != 0 ] ; then\n    # print error to STDERR\n    echo \"error: The sandbox is not in sync with the Podfile.lock. Run 'pod install' or update your CocoaPods installation.\" >&2\n    exit 1\nfi\n# This output is used by Xcode 'outputs' to avoid re-running this script phase.\necho \"SUCCESS\" > \"${SCRIPT_OUTPUT_FILE_0}\"\n";
			showEnvVarsInLog = 0;
		};
		0C9BD28DF3888EDE527AA16A /* [CP] Embed Pods Frameworks */ = {
			isa = PBXShellScriptBuildPhase;
			buildActionMask = 2147483647;
			files = (
			);
			inputPaths = (
				"${SRCROOT}/Pods/Target Support Files/Pods-ConciergeApp/Pods-ConciergeApp-frameworks.sh",
				"${BUILT_PRODUCTS_DIR}/GTMSessionFetcher/GTMSessionFetcher.framework",
				"${BUILT_PRODUCTS_DIR}/GoogleToolboxForMac/GoogleToolboxForMac.framework",
				"${BUILT_PRODUCTS_DIR}/leveldb-library/leveldb.framework",
				"${BUILT_PRODUCTS_DIR}/nanopb/nanopb.framework",
			);
			name = "[CP] Embed Pods Frameworks";
			outputPaths = (
				"${TARGET_BUILD_DIR}/${FRAMEWORKS_FOLDER_PATH}/GTMSessionFetcher.framework",
				"${TARGET_BUILD_DIR}/${FRAMEWORKS_FOLDER_PATH}/GoogleToolboxForMac.framework",
				"${TARGET_BUILD_DIR}/${FRAMEWORKS_FOLDER_PATH}/leveldb.framework",
				"${TARGET_BUILD_DIR}/${FRAMEWORKS_FOLDER_PATH}/nanopb.framework",
			);
			runOnlyForDeploymentPostprocessing = 0;
			shellPath = /bin/sh;
			shellScript = "\"${SRCROOT}/Pods/Target Support Files/Pods-ConciergeApp/Pods-ConciergeApp-frameworks.sh\"\n";
			showEnvVarsInLog = 0;
		};
		696051D84D7BC3E0751DD84E /* [CP] Embed Pods Frameworks */ = {
			isa = PBXShellScriptBuildPhase;
			buildActionMask = 2147483647;
			files = (
			);
			inputPaths = (
			);
			name = "[CP] Embed Pods Frameworks";
			outputPaths = (
			);
			runOnlyForDeploymentPostprocessing = 0;
			shellPath = /bin/sh;
			shellScript = "\"${SRCROOT}/Pods/Target Support Files/Pods-ConciergeAppUITests/Pods-ConciergeAppUITests-frameworks.sh\"\n";
			showEnvVarsInLog = 0;
		};
		6CE9C9B907C06E813BF4FF09 /* [CP] Copy Pods Resources */ = {
			isa = PBXShellScriptBuildPhase;
			buildActionMask = 2147483647;
			files = (
			);
			inputPaths = (
			);
			name = "[CP] Copy Pods Resources";
			outputPaths = (
			);
			runOnlyForDeploymentPostprocessing = 0;
			shellPath = /bin/sh;
			shellScript = "\"${SRCROOT}/Pods/Target Support Files/Pods-ConciergeAppTests/Pods-ConciergeAppTests-resources.sh\"\n";
			showEnvVarsInLog = 0;
		};
		9583E4E73A4E494C54CACB02 /* [CP] Check Pods Manifest.lock */ = {
			isa = PBXShellScriptBuildPhase;
			buildActionMask = 2147483647;
			files = (
			);
			inputPaths = (
				"${PODS_PODFILE_DIR_PATH}/Podfile.lock",
				"${PODS_ROOT}/Manifest.lock",
			);
			name = "[CP] Check Pods Manifest.lock";
			outputPaths = (
				"$(DERIVED_FILE_DIR)/Pods-ConciergeAppUITests-checkManifestLockResult.txt",
			);
			runOnlyForDeploymentPostprocessing = 0;
			shellPath = /bin/sh;
			shellScript = "diff \"${PODS_PODFILE_DIR_PATH}/Podfile.lock\" \"${PODS_ROOT}/Manifest.lock\" > /dev/null\nif [ $? != 0 ] ; then\n    # print error to STDERR\n    echo \"error: The sandbox is not in sync with the Podfile.lock. Run 'pod install' or update your CocoaPods installation.\" >&2\n    exit 1\nfi\n# This output is used by Xcode 'outputs' to avoid re-running this script phase.\necho \"SUCCESS\" > \"${SCRIPT_OUTPUT_FILE_0}\"\n";
			showEnvVarsInLog = 0;
		};
		98A4AEE426814CFE7635A629 /* [CP] Embed Pods Frameworks */ = {
			isa = PBXShellScriptBuildPhase;
			buildActionMask = 2147483647;
			files = (
			);
			inputPaths = (
			);
			name = "[CP] Embed Pods Frameworks";
			outputPaths = (
			);
			runOnlyForDeploymentPostprocessing = 0;
			shellPath = /bin/sh;
			shellScript = "\"${SRCROOT}/Pods/Target Support Files/Pods-ConciergeAppTests/Pods-ConciergeAppTests-frameworks.sh\"\n";
			showEnvVarsInLog = 0;
		};
		B5B859B1C19B91E9B087A88C /* [CP] Check Pods Manifest.lock */ = {
			isa = PBXShellScriptBuildPhase;
			buildActionMask = 2147483647;
			files = (
			);
			inputPaths = (
				"${PODS_PODFILE_DIR_PATH}/Podfile.lock",
				"${PODS_ROOT}/Manifest.lock",
			);
			name = "[CP] Check Pods Manifest.lock";
			outputPaths = (
				"$(DERIVED_FILE_DIR)/Pods-ConciergeAppTests-checkManifestLockResult.txt",
			);
			runOnlyForDeploymentPostprocessing = 0;
			shellPath = /bin/sh;
			shellScript = "diff \"${PODS_PODFILE_DIR_PATH}/Podfile.lock\" \"${PODS_ROOT}/Manifest.lock\" > /dev/null\nif [ $? != 0 ] ; then\n    # print error to STDERR\n    echo \"error: The sandbox is not in sync with the Podfile.lock. Run 'pod install' or update your CocoaPods installation.\" >&2\n    exit 1\nfi\n# This output is used by Xcode 'outputs' to avoid re-running this script phase.\necho \"SUCCESS\" > \"${SCRIPT_OUTPUT_FILE_0}\"\n";
			showEnvVarsInLog = 0;
		};
		B9D2B47523B13C349A9BE7E9 /* [CP] Copy Pods Resources */ = {
			isa = PBXShellScriptBuildPhase;
			buildActionMask = 2147483647;
			files = (
			);
			inputPaths = (
			);
			name = "[CP] Copy Pods Resources";
			outputPaths = (
			);
			runOnlyForDeploymentPostprocessing = 0;
			shellPath = /bin/sh;
			shellScript = "\"${SRCROOT}/Pods/Target Support Files/Pods-ConciergeAppUITests/Pods-ConciergeAppUITests-resources.sh\"\n";
			showEnvVarsInLog = 0;
		};
		F34DF6C7F20436F6292E149C /* [CP] Copy Pods Resources */ = {
			isa = PBXShellScriptBuildPhase;
			buildActionMask = 2147483647;
			files = (
			);
			inputPaths = (
			);
			name = "[CP] Copy Pods Resources";
			outputPaths = (
			);
			runOnlyForDeploymentPostprocessing = 0;
			shellPath = /bin/sh;
			shellScript = "\"${SRCROOT}/Pods/Target Support Files/Pods-ConciergeApp/Pods-ConciergeApp-resources.sh\"\n";
			showEnvVarsInLog = 0;
		};
/* End PBXShellScriptBuildPhase section */

/* Begin PBXSourcesBuildPhase section */
		B26AA0CD1FA22F1B00176D9C /* Sources */ = {
			isa = PBXSourcesBuildPhase;
			buildActionMask = 2147483647;
			files = (
				B2F326C01FCDC3020036A8D7 /* Fusion.swift in Sources */,
				EF80ECE41FCF35A4005C4DB1 /* Hash.swift in Sources */,
				B26AA0D71FA22F1B00176D9C /* ViewController.swift in Sources */,
				B2A214F31FCB42670080321D /* RegisterViewController.swift in Sources */,
				B2A214F11FCB363A0080321D /* OptionsViewController.swift in Sources */,
				B22B0DB31FCE586800B1D755 /* PreferencesTableViewController.swift in Sources */,
				B26AA0D51FA22F1B00176D9C /* AppDelegate.swift in Sources */,
				EF5A8B701FA274130038F8A4 /* ViewController2.swift in Sources */,
			);
			runOnlyForDeploymentPostprocessing = 0;
		};
		B26AA0E11FA22F1B00176D9C /* Sources */ = {
			isa = PBXSourcesBuildPhase;
			buildActionMask = 2147483647;
			files = (
				B26AA0EA1FA22F1B00176D9C /* ConciergeAppTests.swift in Sources */,
			);
			runOnlyForDeploymentPostprocessing = 0;
		};
		B26AA0EC1FA22F1B00176D9C /* Sources */ = {
			isa = PBXSourcesBuildPhase;
			buildActionMask = 2147483647;
			files = (
				B26AA0F51FA22F1B00176D9C /* ConciergeAppUITests.swift in Sources */,
			);
			runOnlyForDeploymentPostprocessing = 0;
		};
/* End PBXSourcesBuildPhase section */

/* Begin PBXTargetDependency section */
		B26AA0E71FA22F1B00176D9C /* PBXTargetDependency */ = {
			isa = PBXTargetDependency;
			target = B26AA0D01FA22F1B00176D9C /* ConciergeApp */;
			targetProxy = B26AA0E61FA22F1B00176D9C /* PBXContainerItemProxy */;
		};
		B26AA0F21FA22F1B00176D9C /* PBXTargetDependency */ = {
			isa = PBXTargetDependency;
			target = B26AA0D01FA22F1B00176D9C /* ConciergeApp */;
			targetProxy = B26AA0F11FA22F1B00176D9C /* PBXContainerItemProxy */;
		};
/* End PBXTargetDependency section */

/* Begin PBXVariantGroup section */
		B26AA0D81FA22F1B00176D9C /* Main.storyboard */ = {
			isa = PBXVariantGroup;
			children = (
				B26AA0D91FA22F1B00176D9C /* Base */,
			);
			name = Main.storyboard;
			sourceTree = "<group>";
		};
		B26AA0DD1FA22F1B00176D9C /* LaunchScreen.storyboard */ = {
			isa = PBXVariantGroup;
			children = (
				B26AA0DE1FA22F1B00176D9C /* Base */,
			);
			name = LaunchScreen.storyboard;
			sourceTree = "<group>";
		};
/* End PBXVariantGroup section */

/* Begin XCBuildConfiguration section */
		B26AA0F71FA22F1C00176D9C /* Debug */ = {
			isa = XCBuildConfiguration;
			buildSettings = {
				ALWAYS_SEARCH_USER_PATHS = NO;
				CLANG_ANALYZER_NONNULL = YES;
				CLANG_ANALYZER_NUMBER_OBJECT_CONVERSION = YES_AGGRESSIVE;
				CLANG_CXX_LANGUAGE_STANDARD = "gnu++14";
				CLANG_CXX_LIBRARY = "libc++";
				CLANG_ENABLE_MODULES = YES;
				CLANG_ENABLE_OBJC_ARC = YES;
				CLANG_WARN_BLOCK_CAPTURE_AUTORELEASING = YES;
				CLANG_WARN_BOOL_CONVERSION = YES;
				CLANG_WARN_COMMA = YES;
				CLANG_WARN_CONSTANT_CONVERSION = YES;
				CLANG_WARN_DIRECT_OBJC_ISA_USAGE = YES_ERROR;
				CLANG_WARN_DOCUMENTATION_COMMENTS = YES;
				CLANG_WARN_EMPTY_BODY = YES;
				CLANG_WARN_ENUM_CONVERSION = YES;
				CLANG_WARN_INFINITE_RECURSION = YES;
				CLANG_WARN_INT_CONVERSION = YES;
				CLANG_WARN_NON_LITERAL_NULL_CONVERSION = YES;
				CLANG_WARN_OBJC_LITERAL_CONVERSION = YES;
				CLANG_WARN_OBJC_ROOT_CLASS = YES_ERROR;
				CLANG_WARN_RANGE_LOOP_ANALYSIS = YES;
				CLANG_WARN_STRICT_PROTOTYPES = YES;
				CLANG_WARN_SUSPICIOUS_MOVE = YES;
				CLANG_WARN_UNGUARDED_AVAILABILITY = YES_AGGRESSIVE;
				CLANG_WARN_UNREACHABLE_CODE = YES;
				CLANG_WARN__DUPLICATE_METHOD_MATCH = YES;
				CODE_SIGN_IDENTITY = "iPhone Developer";
				COPY_PHASE_STRIP = NO;
				DEBUG_INFORMATION_FORMAT = dwarf;
				ENABLE_STRICT_OBJC_MSGSEND = YES;
				ENABLE_TESTABILITY = YES;
				GCC_C_LANGUAGE_STANDARD = gnu11;
				GCC_DYNAMIC_NO_PIC = NO;
				GCC_NO_COMMON_BLOCKS = YES;
				GCC_OPTIMIZATION_LEVEL = 0;
				GCC_PREPROCESSOR_DEFINITIONS = (
					"DEBUG=1",
					"$(inherited)",
				);
				GCC_WARN_64_TO_32_BIT_CONVERSION = YES;
				GCC_WARN_ABOUT_RETURN_TYPE = YES_ERROR;
				GCC_WARN_UNDECLARED_SELECTOR = YES;
				GCC_WARN_UNINITIALIZED_AUTOS = YES_AGGRESSIVE;
				GCC_WARN_UNUSED_FUNCTION = YES;
				GCC_WARN_UNUSED_VARIABLE = YES;
				IPHONEOS_DEPLOYMENT_TARGET = 11.0;
				MTL_ENABLE_DEBUG_INFO = YES;
				ONLY_ACTIVE_ARCH = YES;
				SDKROOT = iphoneos;
				SWIFT_ACTIVE_COMPILATION_CONDITIONS = DEBUG;
				SWIFT_OPTIMIZATION_LEVEL = "-Onone";
			};
			name = Debug;
		};
		B26AA0F81FA22F1C00176D9C /* Release */ = {
			isa = XCBuildConfiguration;
			buildSettings = {
				ALWAYS_SEARCH_USER_PATHS = NO;
				CLANG_ANALYZER_NONNULL = YES;
				CLANG_ANALYZER_NUMBER_OBJECT_CONVERSION = YES_AGGRESSIVE;
				CLANG_CXX_LANGUAGE_STANDARD = "gnu++14";
				CLANG_CXX_LIBRARY = "libc++";
				CLANG_ENABLE_MODULES = YES;
				CLANG_ENABLE_OBJC_ARC = YES;
				CLANG_WARN_BLOCK_CAPTURE_AUTORELEASING = YES;
				CLANG_WARN_BOOL_CONVERSION = YES;
				CLANG_WARN_COMMA = YES;
				CLANG_WARN_CONSTANT_CONVERSION = YES;
				CLANG_WARN_DIRECT_OBJC_ISA_USAGE = YES_ERROR;
				CLANG_WARN_DOCUMENTATION_COMMENTS = YES;
				CLANG_WARN_EMPTY_BODY = YES;
				CLANG_WARN_ENUM_CONVERSION = YES;
				CLANG_WARN_INFINITE_RECURSION = YES;
				CLANG_WARN_INT_CONVERSION = YES;
				CLANG_WARN_NON_LITERAL_NULL_CONVERSION = YES;
				CLANG_WARN_OBJC_LITERAL_CONVERSION = YES;
				CLANG_WARN_OBJC_ROOT_CLASS = YES_ERROR;
				CLANG_WARN_RANGE_LOOP_ANALYSIS = YES;
				CLANG_WARN_STRICT_PROTOTYPES = YES;
				CLANG_WARN_SUSPICIOUS_MOVE = YES;
				CLANG_WARN_UNGUARDED_AVAILABILITY = YES_AGGRESSIVE;
				CLANG_WARN_UNREACHABLE_CODE = YES;
				CLANG_WARN__DUPLICATE_METHOD_MATCH = YES;
				CODE_SIGN_IDENTITY = "iPhone Developer";
				COPY_PHASE_STRIP = NO;
				DEBUG_INFORMATION_FORMAT = "dwarf-with-dsym";
				ENABLE_NS_ASSERTIONS = NO;
				ENABLE_STRICT_OBJC_MSGSEND = YES;
				GCC_C_LANGUAGE_STANDARD = gnu11;
				GCC_NO_COMMON_BLOCKS = YES;
				GCC_WARN_64_TO_32_BIT_CONVERSION = YES;
				GCC_WARN_ABOUT_RETURN_TYPE = YES_ERROR;
				GCC_WARN_UNDECLARED_SELECTOR = YES;
				GCC_WARN_UNINITIALIZED_AUTOS = YES_AGGRESSIVE;
				GCC_WARN_UNUSED_FUNCTION = YES;
				GCC_WARN_UNUSED_VARIABLE = YES;
				IPHONEOS_DEPLOYMENT_TARGET = 11.0;
				MTL_ENABLE_DEBUG_INFO = NO;
				SDKROOT = iphoneos;
				SWIFT_OPTIMIZATION_LEVEL = "-Owholemodule";
				VALIDATE_PRODUCT = YES;
			};
			name = Release;
		};
		B26AA0FA1FA22F1C00176D9C /* Debug */ = {
			isa = XCBuildConfiguration;
			baseConfigurationReference = 094BC046CD5DC713A2FBAD32 /* Pods-ConciergeApp.debug.xcconfig */;
			buildSettings = {
				ASSETCATALOG_COMPILER_APPICON_NAME = AppIcon;
				CLANG_ENABLE_MODULES = YES;
				CODE_SIGN_STYLE = Automatic;
				DEVELOPMENT_TEAM = 2WNM2MXGBM;
				INFOPLIST_FILE = ConciergeApp/Info.plist;
				LD_RUNPATH_SEARCH_PATHS = "$(inherited) @executable_path/Frameworks";
				PRODUCT_BUNDLE_IDENTIFIER = com.Concierge.ConciergeApp;
				PRODUCT_NAME = "$(TARGET_NAME)";
				SWIFT_OBJC_BRIDGING_HEADER = ConciergeApp/BridgingHeader.h;
				SWIFT_OPTIMIZATION_LEVEL = "-Onone";
				SWIFT_VERSION = 4.0;
				TARGETED_DEVICE_FAMILY = "1,2";
			};
			name = Debug;
		};
		B26AA0FB1FA22F1C00176D9C /* Release */ = {
			isa = XCBuildConfiguration;
			baseConfigurationReference = 716718A23A4215C1D4FEDD5F /* Pods-ConciergeApp.release.xcconfig */;
			buildSettings = {
				ASSETCATALOG_COMPILER_APPICON_NAME = AppIcon;
				CLANG_ENABLE_MODULES = YES;
				CODE_SIGN_STYLE = Automatic;
				DEVELOPMENT_TEAM = 2WNM2MXGBM;
				INFOPLIST_FILE = ConciergeApp/Info.plist;
				LD_RUNPATH_SEARCH_PATHS = "$(inherited) @executable_path/Frameworks";
				PRODUCT_BUNDLE_IDENTIFIER = com.Concierge.ConciergeApp;
				PRODUCT_NAME = "$(TARGET_NAME)";
				SWIFT_OBJC_BRIDGING_HEADER = ConciergeApp/BridgingHeader.h;
				SWIFT_VERSION = 4.0;
				TARGETED_DEVICE_FAMILY = "1,2";
			};
			name = Release;
		};
		B26AA0FD1FA22F1C00176D9C /* Debug */ = {
			isa = XCBuildConfiguration;
			baseConfigurationReference = 0CC9C0A6DAB6B2E10C766B8E /* Pods-ConciergeAppTests.debug.xcconfig */;
			buildSettings = {
				ALWAYS_EMBED_SWIFT_STANDARD_LIBRARIES = YES;
				BUNDLE_LOADER = "$(TEST_HOST)";
				CODE_SIGN_STYLE = Automatic;
				INFOPLIST_FILE = ConciergeAppTests/Info.plist;
				LD_RUNPATH_SEARCH_PATHS = "$(inherited) @executable_path/Frameworks @loader_path/Frameworks";
				PRODUCT_BUNDLE_IDENTIFIER = com.Concierge.ConciergeAppTests;
				PRODUCT_NAME = "$(TARGET_NAME)";
				SWIFT_VERSION = 4.0;
				TARGETED_DEVICE_FAMILY = "1,2";
				TEST_HOST = "$(BUILT_PRODUCTS_DIR)/ConciergeApp.app/ConciergeApp";
			};
			name = Debug;
		};
		B26AA0FE1FA22F1C00176D9C /* Release */ = {
			isa = XCBuildConfiguration;
			baseConfigurationReference = 70F7AAA462DD695C384B6ED4 /* Pods-ConciergeAppTests.release.xcconfig */;
			buildSettings = {
				ALWAYS_EMBED_SWIFT_STANDARD_LIBRARIES = YES;
				BUNDLE_LOADER = "$(TEST_HOST)";
				CODE_SIGN_STYLE = Automatic;
				INFOPLIST_FILE = ConciergeAppTests/Info.plist;
				LD_RUNPATH_SEARCH_PATHS = "$(inherited) @executable_path/Frameworks @loader_path/Frameworks";
				PRODUCT_BUNDLE_IDENTIFIER = com.Concierge.ConciergeAppTests;
				PRODUCT_NAME = "$(TARGET_NAME)";
				SWIFT_VERSION = 4.0;
				TARGETED_DEVICE_FAMILY = "1,2";
				TEST_HOST = "$(BUILT_PRODUCTS_DIR)/ConciergeApp.app/ConciergeApp";
			};
			name = Release;
		};
		B26AA1001FA22F1C00176D9C /* Debug */ = {
			isa = XCBuildConfiguration;
			baseConfigurationReference = 0204F7112E1A50E22FD0D45E /* Pods-ConciergeAppUITests.debug.xcconfig */;
			buildSettings = {
				ALWAYS_EMBED_SWIFT_STANDARD_LIBRARIES = YES;
				CODE_SIGN_STYLE = Automatic;
				INFOPLIST_FILE = ConciergeAppUITests/Info.plist;
				LD_RUNPATH_SEARCH_PATHS = "$(inherited) @executable_path/Frameworks @loader_path/Frameworks";
				PRODUCT_BUNDLE_IDENTIFIER = com.Concierge.ConciergeAppUITests;
				PRODUCT_NAME = "$(TARGET_NAME)";
				SWIFT_VERSION = 4.0;
				TARGETED_DEVICE_FAMILY = "1,2";
				TEST_TARGET_NAME = ConciergeApp;
			};
			name = Debug;
		};
		B26AA1011FA22F1C00176D9C /* Release */ = {
			isa = XCBuildConfiguration;
			baseConfigurationReference = C868DBCB3E3E105A4CEE4FE4 /* Pods-ConciergeAppUITests.release.xcconfig */;
			buildSettings = {
				ALWAYS_EMBED_SWIFT_STANDARD_LIBRARIES = YES;
				CODE_SIGN_STYLE = Automatic;
				INFOPLIST_FILE = ConciergeAppUITests/Info.plist;
				LD_RUNPATH_SEARCH_PATHS = "$(inherited) @executable_path/Frameworks @loader_path/Frameworks";
				PRODUCT_BUNDLE_IDENTIFIER = com.Concierge.ConciergeAppUITests;
				PRODUCT_NAME = "$(TARGET_NAME)";
				SWIFT_VERSION = 4.0;
				TARGETED_DEVICE_FAMILY = "1,2";
				TEST_TARGET_NAME = ConciergeApp;
			};
			name = Release;
		};
/* End XCBuildConfiguration section */

/* Begin XCConfigurationList section */
		B26AA0CC1FA22F1B00176D9C /* Build configuration list for PBXProject "ConciergeApp" */ = {
			isa = XCConfigurationList;
			buildConfigurations = (
				B26AA0F71FA22F1C00176D9C /* Debug */,
				B26AA0F81FA22F1C00176D9C /* Release */,
			);
			defaultConfigurationIsVisible = 0;
			defaultConfigurationName = Release;
		};
		B26AA0F91FA22F1C00176D9C /* Build configuration list for PBXNativeTarget "ConciergeApp" */ = {
			isa = XCConfigurationList;
			buildConfigurations = (
				B26AA0FA1FA22F1C00176D9C /* Debug */,
				B26AA0FB1FA22F1C00176D9C /* Release */,
			);
			defaultConfigurationIsVisible = 0;
			defaultConfigurationName = Release;
		};
		B26AA0FC1FA22F1C00176D9C /* Build configuration list for PBXNativeTarget "ConciergeAppTests" */ = {
			isa = XCConfigurationList;
			buildConfigurations = (
				B26AA0FD1FA22F1C00176D9C /* Debug */,
				B26AA0FE1FA22F1C00176D9C /* Release */,
			);
			defaultConfigurationIsVisible = 0;
			defaultConfigurationName = Release;
		};
		B26AA0FF1FA22F1C00176D9C /* Build configuration list for PBXNativeTarget "ConciergeAppUITests" */ = {
			isa = XCConfigurationList;
			buildConfigurations = (
				B26AA1001FA22F1C00176D9C /* Debug */,
				B26AA1011FA22F1C00176D9C /* Release */,
			);
			defaultConfigurationIsVisible = 0;
			defaultConfigurationName = Release;
		};
/* End XCConfigurationList section */
	};
	rootObject = B26AA0C91FA22F1B00176D9C /* Project object */;
}
